
Microsoft Visual Studio Solution File, Format Version 12.00
# Visual Studio 2013
VisualStudioVersion = 12.0.31101.0
MinimumVisualStudioVersion = 10.0.40219.1
Project("{E24C65DC-7377-472B-9ABA-BC803B73C61A}") = "JsapiTypescriptSamples", "http://localhost:1207", "{BCA8F86F-7E6A-4DD9-AB87-481440402208}"
	ProjectSection(WebsiteProperties) = preProject
		UseIISExpress = "true"
		TargetFrameworkMoniker = ".NETFramework,Version%3Dv4.5"
		Debug.AspNetCompiler.VirtualPath = "/localhost_1207"
		Debug.AspNetCompiler.PhysicalPath = "..\JsapiTypescriptSamples\"
		Debug.AspNetCompiler.TargetPath = "PrecompiledWeb\localhost_1207\"
		Debug.AspNetCompiler.Updateable = "true"
		Debug.AspNetCompiler.ForceOverwrite = "true"
		Debug.AspNetCompiler.FixedNames = "false"
		Debug.AspNetCompiler.Debug = "True"
		Release.AspNetCompiler.VirtualPath = "/localhost_1207"
		Release.AspNetCompiler.PhysicalPath = "..\JsapiTypescriptSamples\"
		Release.AspNetCompiler.TargetPath = "PrecompiledWeb\localhost_1207\"
		Release.AspNetCompiler.Updateable = "true"
		Release.AspNetCompiler.ForceOverwrite = "true"
		Release.AspNetCompiler.FixedNames = "false"
		Release.AspNetCompiler.Debug = "False"
		SlnRelativePath = "..\JsapiTypescriptSamples\"
	EndProjectSection
EndProject
Global
	GlobalSection(SolutionConfigurationPlatforms) = preSolution
		Debug|Any CPU = Debug|Any CPU
		Release|Any CPU = Release|Any CPU
	EndGlobalSection
	GlobalSection(ProjectConfigurationPlatforms) = postSolution
		{BCA8F86F-7E6A-4DD9-AB87-481440402208}.Debug|Any CPU.ActiveCfg = Debug|Any CPU
		{BCA8F86F-7E6A-4DD9-AB87-481440402208}.Debug|Any CPU.Build.0 = Debug|Any CPU
		{BCA8F86F-7E6A-4DD9-AB87-481440402208}.Release|Any CPU.ActiveCfg = Debug|Any CPU
		{BCA8F86F-7E6A-4DD9-AB87-481440402208}.Release|Any CPU.Build.0 = Debug|Any CPU
	EndGlobalSection
	GlobalSection(SolutionProperties) = preSolution
		HideSolutionNode = FALSE
	EndGlobalSection
EndGlobal
